
Microsoft Visual Studio Solution File, Format Version 12.00
# Visual Studio 15
VisualStudioVersion = 15.0.27130.2010
MinimumVisualStudioVersion = 10.0.40219.1
Project("{FAE04EC0-301F-11D3-BF4B-00C04F79EFBC}") = "TestCulture", "TestCulture\TestCulture.csproj", "{E8DB59CE-0BD2-4286-9B5A-C2D9FFD2FFB9}"
EndProject
Global
	GlobalSection(SolutionConfigurationPlatforms) = preSolution
		Debug|Any CPU = Debug|Any CPU
		Release|Any CPU = Release|Any CPU
	EndGlobalSection
	GlobalSection(ProjectConfigurationPlatforms) = postSolution
		{E8DB59CE-0BD2-4286-9B5A-C2D9FFD2FFB9}.Debug|Any CPU.ActiveCfg = Debug|Any CPU
		{E8DB59CE-0BD2-4286-9B5A-C2D9FFD2FFB9}.Debug|Any CPU.Build.0 = Debug|Any CPU
		{E8DB59CE-0BD2-4286-9B5A-C2D9FFD2FFB9}.Release|Any CPU.ActiveCfg = Release|Any CPU
		{E8DB59CE-0BD2-4286-9B5A-C2D9FFD2FFB9}.Release|Any CPU.Build.0 = Release|Any CPU
	EndGlobalSection
	GlobalSection(SolutionProperties) = preSolution
		HideSolutionNode = FALSE
	EndGlobalSection
	GlobalSection(ExtensibilityGlobals) = postSolution
		SolutionGuid = {A183D6B7-F853-4833-9991-B69F161B1FDC}
	EndGlobalSection
EndGlobal
